
Microsoft Visual Studio Solution File, Format Version 12.00
# Visual Studio Version 17
VisualStudioVersion = 17.5.002.0
MinimumVisualStudioVersion = 10.0.40219.1
Project("{9A19103F-16F7-4668-BE54-9A1E7A4F7556}") = "car-dealership-backend", "car-dealership-backend.csproj", "{C3DD426C-979A-459C-8AE3-88A014476B7A}"
EndProject
Global
	GlobalSection(SolutionConfigurationPlatforms) = preSolution
		Debug|Any CPU = Debug|Any CPU
		Release|Any CPU = Release|Any CPU
	EndGlobalSection
	GlobalSection(ProjectConfigurationPlatforms) = postSolution
		{C3DD426C-979A-459C-8AE3-88A014476B7A}.Debug|Any CPU.ActiveCfg = Debug|Any CPU
		{C3DD426C-979A-459C-8AE3-88A014476B7A}.Debug|Any CPU.Build.0 = Debug|Any CPU
		{C3DD426C-979A-459C-8AE3-88A014476B7A}.Release|Any CPU.ActiveCfg = Release|Any CPU
		{C3DD426C-979A-459C-8AE3-88A014476B7A}.Release|Any CPU.Build.0 = Release|Any CPU
	EndGlobalSection
	GlobalSection(SolutionProperties) = preSolution
		HideSolutionNode = FALSE
	EndGlobalSection
	GlobalSection(ExtensibilityGlobals) = postSolution
		SolutionGuid = {17B0803B-2E1E-4BC6-96BB-E2A9C1F7F233}
	EndGlobalSection
EndGlobal
